Microsoft Visual Studio Solution File, Format Version 12.00
# Visual Studio Version 17
VisualStudioVersion = 17.5.2.0
MinimumVisualStudioVersion = 10.0.40219.1
Project("{FAE04EC0-301F-11D3-BF4B-00C04F79EFBC}") = "PersonCRUD", "PersonCRUD\PersonCRUD.csproj", "{F116A3CB-FA2B-E2D8-AD48-111F6C9A5F23}"
EndProject
Global
	GlobalSection(SolutionConfigurationPlatforms) = preSolution
		Debug|Any CPU = Debug|Any CPU
		Release|Any CPU = Release|Any CPU
	EndGlobalSection
	GlobalSection(ProjectConfigurationPlatforms) = postSolution
		{F116A3CB-FA2B-E2D8-AD48-111F6C9A5F23}.Debug|Any CPU.ActiveCfg = Debug|Any CPU
		{F116A3CB-FA2B-E2D8-AD48-111F6C9A5F23}.Debug|Any CPU.Build.0 = Debug|Any CPU
		{F116A3CB-FA2B-E2D8-AD48-111F6C9A5F23}.Release|Any CPU.ActiveCfg = Release|Any CPU
		{F116A3CB-FA2B-E2D8-AD48-111F6C9A5F23}.Release|Any CPU.Build.0 = Release|Any CPU
	EndGlobalSection
	GlobalSection(SolutionProperties) = preSolution
		HideSolutionNode = FALSE
	EndGlobalSection
	GlobalSection(ExtensibilityGlobals) = postSolution
		SolutionGuid = {1EB58B1E-D0E1-4CC8-9707-97D852AF58FB}
	EndGlobalSection
EndGlobal
